
Microsoft Visual Studio Solution File, Format Version 12.00
# Visual Studio Version 17
VisualStudioVersion = 17.1.32210.238
MinimumVisualStudioVersion = 10.0.40219.1
Project("{FAE04EC0-301F-11D3-BF4B-00C04F79EFBC}") = "UniqueList", "UniqueList.csproj", "{DC221731-F1AC-4862-B47E-006C7A9EAB2A}"
EndProject
Global
	GlobalSection(SolutionConfigurationPlatforms) = preSolution
		Debug|Any CPU = Debug|Any CPU
		Release|Any CPU = Release|Any CPU
	EndGlobalSection
	GlobalSection(ProjectConfigurationPlatforms) = postSolution
		{DC221731-F1AC-4862-B47E-006C7A9EAB2A}.Debug|Any CPU.ActiveCfg = Debug|Any CPU
		{DC221731-F1AC-4862-B47E-006C7A9EAB2A}.Debug|Any CPU.Build.0 = Debug|Any CPU
		{DC221731-F1AC-4862-B47E-006C7A9EAB2A}.Release|Any CPU.ActiveCfg = Release|Any CPU
		{DC221731-F1AC-4862-B47E-006C7A9EAB2A}.Release|Any CPU.Build.0 = Release|Any CPU
	EndGlobalSection
	GlobalSection(SolutionProperties) = preSolution
		HideSolutionNode = FALSE
	EndGlobalSection
	GlobalSection(ExtensibilityGlobals) = postSolution
		SolutionGuid = {E9119A22-4734-4291-8820-F0D0F92DCE41}
	EndGlobalSection
EndGlobal
