
Microsoft Visual Studio Solution File, Format Version 12.00
# Visual Studio Version 17
VisualStudioVersion = 17.1.32210.238
MinimumVisualStudioVersion = 10.0.40219.1
Project("{FAE04EC0-301F-11D3-BF4B-00C04F79EFBC}") = "MapFilterFold", "MapFilterFold.csproj", "{17AC29E4-88F3-4DB6-922A-A40CE7030CAD}"
EndProject
Project("{FAE04EC0-301F-11D3-BF4B-00C04F79EFBC}") = "MapFilterFold.Tests", "..\MapFilterFold.Tests\MapFilterFold.Tests.csproj", "{200A224B-7781-4EAF-ACCF-5E7EC831EDF9}"
EndProject
Global
	GlobalSection(SolutionConfigurationPlatforms) = preSolution
		Debug|Any CPU = Debug|Any CPU
		Release|Any CPU = Release|Any CPU
	EndGlobalSection
	GlobalSection(ProjectConfigurationPlatforms) = postSolution
		{17AC29E4-88F3-4DB6-922A-A40CE7030CAD}.Debug|Any CPU.ActiveCfg = Debug|Any CPU
		{17AC29E4-88F3-4DB6-922A-A40CE7030CAD}.Debug|Any CPU.Build.0 = Debug|Any CPU
		{17AC29E4-88F3-4DB6-922A-A40CE7030CAD}.Release|Any CPU.ActiveCfg = Release|Any CPU
		{17AC29E4-88F3-4DB6-922A-A40CE7030CAD}.Release|Any CPU.Build.0 = Release|Any CPU
		{200A224B-7781-4EAF-ACCF-5E7EC831EDF9}.Debug|Any CPU.ActiveCfg = Debug|Any CPU
		{200A224B-7781-4EAF-ACCF-5E7EC831EDF9}.Debug|Any CPU.Build.0 = Debug|Any CPU
		{200A224B-7781-4EAF-ACCF-5E7EC831EDF9}.Release|Any CPU.ActiveCfg = Release|Any CPU
		{200A224B-7781-4EAF-ACCF-5E7EC831EDF9}.Release|Any CPU.Build.0 = Release|Any CPU
	EndGlobalSection
	GlobalSection(SolutionProperties) = preSolution
		HideSolutionNode = FALSE
	EndGlobalSection
	GlobalSection(ExtensibilityGlobals) = postSolution
		SolutionGuid = {6314CB91-D9A7-401B-A01C-F277808781D2}
	EndGlobalSection
EndGlobal
