
Microsoft Visual Studio Solution File, Format Version 12.00
# Visual Studio Version 17
VisualStudioVersion = 17.1.32210.238
MinimumVisualStudioVersion = 10.0.40219.1
Project("{FAE04EC0-301F-11D3-BF4B-00C04F79EFBC}") = "Test", "Test.csproj", "{CD749373-AD73-4D94-804A-ACDA691AFE16}"
EndProject
Project("{FAE04EC0-301F-11D3-BF4B-00C04F79EFBC}") = "test.Tests", "..\test.Tests\test.Tests.csproj", "{1F29C3A7-EEF9-4D94-A41A-E2CCF089A834}"
EndProject
Global
	GlobalSection(SolutionConfigurationPlatforms) = preSolution
		Debug|Any CPU = Debug|Any CPU
		Release|Any CPU = Release|Any CPU
	EndGlobalSection
	GlobalSection(ProjectConfigurationPlatforms) = postSolution
		{CD749373-AD73-4D94-804A-ACDA691AFE16}.Debug|Any CPU.ActiveCfg = Debug|Any CPU
		{CD749373-AD73-4D94-804A-ACDA691AFE16}.Debug|Any CPU.Build.0 = Debug|Any CPU
		{CD749373-AD73-4D94-804A-ACDA691AFE16}.Release|Any CPU.ActiveCfg = Release|Any CPU
		{CD749373-AD73-4D94-804A-ACDA691AFE16}.Release|Any CPU.Build.0 = Release|Any CPU
		{1F29C3A7-EEF9-4D94-A41A-E2CCF089A834}.Debug|Any CPU.ActiveCfg = Debug|Any CPU
		{1F29C3A7-EEF9-4D94-A41A-E2CCF089A834}.Debug|Any CPU.Build.0 = Debug|Any CPU
		{1F29C3A7-EEF9-4D94-A41A-E2CCF089A834}.Release|Any CPU.ActiveCfg = Release|Any CPU
		{1F29C3A7-EEF9-4D94-A41A-E2CCF089A834}.Release|Any CPU.Build.0 = Release|Any CPU
	EndGlobalSection
	GlobalSection(SolutionProperties) = preSolution
		HideSolutionNode = FALSE
	EndGlobalSection
	GlobalSection(ExtensibilityGlobals) = postSolution
		SolutionGuid = {213248EF-3DF5-47D3-AA8A-EA68B11BBA6A}
	EndGlobalSection
EndGlobal
