
Microsoft Visual Studio Solution File, Format Version 12.00
# Visual Studio Version 17
VisualStudioVersion = 17.0.31912.275
MinimumVisualStudioVersion = 10.0.40219.1
Project("{FAE04EC0-301F-11D3-BF4B-00C04F79EFBC}") = "arraySort", "arraySort.csproj", "{014946AB-6CBA-4244-9C8F-6322AE8208BA}"
EndProject
Global
	GlobalSection(SolutionConfigurationPlatforms) = preSolution
		Debug|Any CPU = Debug|Any CPU
		Release|Any CPU = Release|Any CPU
	EndGlobalSection
	GlobalSection(ProjectConfigurationPlatforms) = postSolution
		{014946AB-6CBA-4244-9C8F-6322AE8208BA}.Debug|Any CPU.ActiveCfg = Debug|Any CPU
		{014946AB-6CBA-4244-9C8F-6322AE8208BA}.Debug|Any CPU.Build.0 = Debug|Any CPU
		{014946AB-6CBA-4244-9C8F-6322AE8208BA}.Release|Any CPU.ActiveCfg = Release|Any CPU
		{014946AB-6CBA-4244-9C8F-6322AE8208BA}.Release|Any CPU.Build.0 = Release|Any CPU
	EndGlobalSection
	GlobalSection(SolutionProperties) = preSolution
		HideSolutionNode = FALSE
	EndGlobalSection
	GlobalSection(ExtensibilityGlobals) = postSolution
		SolutionGuid = {7F53A97C-A4F8-4BC7-AD70-6581F0A04D13}
	EndGlobalSection
EndGlobal
