
Microsoft Visual Studio Solution File, Format Version 12.00
# Visual Studio Version 17
VisualStudioVersion = 17.1.32210.238
MinimumVisualStudioVersion = 10.0.40219.1
Project("{9A19103F-16F7-4668-BE54-9A1E7A4F7556}") = "Lzw", "Lzw.csproj", "{CBDE7C69-5354-4E90-8C84-01997CB9CA71}"
EndProject
Project("{FAE04EC0-301F-11D3-BF4B-00C04F79EFBC}") = "Lzw.Tests", "..\Lzw.Tests\Lzw.Tests.csproj", "{4210E668-7A15-4A6A-AA86-087C335ADA30}"
EndProject
Global
	GlobalSection(SolutionConfigurationPlatforms) = preSolution
		Debug|Any CPU = Debug|Any CPU
		Release|Any CPU = Release|Any CPU
	EndGlobalSection
	GlobalSection(ProjectConfigurationPlatforms) = postSolution
		{CBDE7C69-5354-4E90-8C84-01997CB9CA71}.Debug|Any CPU.ActiveCfg = Debug|Any CPU
		{CBDE7C69-5354-4E90-8C84-01997CB9CA71}.Debug|Any CPU.Build.0 = Debug|Any CPU
		{CBDE7C69-5354-4E90-8C84-01997CB9CA71}.Release|Any CPU.ActiveCfg = Release|Any CPU
		{CBDE7C69-5354-4E90-8C84-01997CB9CA71}.Release|Any CPU.Build.0 = Release|Any CPU
		{4210E668-7A15-4A6A-AA86-087C335ADA30}.Debug|Any CPU.ActiveCfg = Debug|Any CPU
		{4210E668-7A15-4A6A-AA86-087C335ADA30}.Debug|Any CPU.Build.0 = Debug|Any CPU
		{4210E668-7A15-4A6A-AA86-087C335ADA30}.Release|Any CPU.ActiveCfg = Release|Any CPU
		{4210E668-7A15-4A6A-AA86-087C335ADA30}.Release|Any CPU.Build.0 = Release|Any CPU
	EndGlobalSection
	GlobalSection(SolutionProperties) = preSolution
		HideSolutionNode = FALSE
	EndGlobalSection
	GlobalSection(ExtensibilityGlobals) = postSolution
		SolutionGuid = {EC8C9306-CFE6-4067-8F52-42E27AF49EC1}
	EndGlobalSection
EndGlobal
