
Microsoft Visual Studio Solution File, Format Version 12.00
# Visual Studio Version 17
VisualStudioVersion = 17.1.32210.238
MinimumVisualStudioVersion = 10.0.40219.1
Project("{9A19103F-16F7-4668-BE54-9A1E7A4F7556}") = "Game", "Game.csproj", "{45C06A74-4A07-473A-8B70-7B3D625A013E}"
EndProject
Project("{FAE04EC0-301F-11D3-BF4B-00C04F79EFBC}") = "Game.Tests", "..\Game.Tests\Game.Tests.csproj", "{935D586E-1F60-430F-B56D-E288AA607826}"
EndProject
Global
	GlobalSection(SolutionConfigurationPlatforms) = preSolution
		Debug|Any CPU = Debug|Any CPU
		Release|Any CPU = Release|Any CPU
	EndGlobalSection
	GlobalSection(ProjectConfigurationPlatforms) = postSolution
		{45C06A74-4A07-473A-8B70-7B3D625A013E}.Debug|Any CPU.ActiveCfg = Debug|Any CPU
		{45C06A74-4A07-473A-8B70-7B3D625A013E}.Debug|Any CPU.Build.0 = Debug|Any CPU
		{45C06A74-4A07-473A-8B70-7B3D625A013E}.Release|Any CPU.ActiveCfg = Release|Any CPU
		{45C06A74-4A07-473A-8B70-7B3D625A013E}.Release|Any CPU.Build.0 = Release|Any CPU
		{935D586E-1F60-430F-B56D-E288AA607826}.Debug|Any CPU.ActiveCfg = Debug|Any CPU
		{935D586E-1F60-430F-B56D-E288AA607826}.Debug|Any CPU.Build.0 = Debug|Any CPU
		{935D586E-1F60-430F-B56D-E288AA607826}.Release|Any CPU.ActiveCfg = Release|Any CPU
		{935D586E-1F60-430F-B56D-E288AA607826}.Release|Any CPU.Build.0 = Release|Any CPU
	EndGlobalSection
	GlobalSection(SolutionProperties) = preSolution
		HideSolutionNode = FALSE
	EndGlobalSection
	GlobalSection(ExtensibilityGlobals) = postSolution
		SolutionGuid = {5B8DDA5E-2B28-46BF-B612-91E34BB95B77}
	EndGlobalSection
EndGlobal
